// !$*UTF8*$!
{
	archiveVersion = 1;
	classes = {
	};
	objectVersion = 56;
	objects = {

/* Begin PBXBuildFile section */
		48C4C7FA2A7A3A740057DDD2 /* AppDelegate.swift in Sources */ = {isa = PBXBuildFile; fileRef = 48C4C7F92A7A3A740057DDD2 /* AppDelegate.swift */; };
		48C4C7FC2A7A3A740057DDD2 /* SceneDelegate.swift in Sources */ = {isa = PBXBuildFile; fileRef = 48C4C7FB2A7A3A740057DDD2 /* SceneDelegate.swift */; };
		48C4C7FE2A7A3A740057DDD2 /* ViewController.swift in Sources */ = {isa = PBXBuildFile; fileRef = 48C4C7FD2A7A3A740057DDD2 /* ViewController.swift */; };
		48C4C8012A7A3A740057DDD2 /* Main.storyboard in Resources */ = {isa = PBXBuildFile; fileRef = 48C4C7FF2A7A3A740057DDD2 /* Main.storyboard */; };
		48C4C8032A7A3A750057DDD2 /* Assets.xcassets in Resources */ = {isa = PBXBuildFile; fileRef = 48C4C8022A7A3A750057DDD2 /* Assets.xcassets */; };
		48C4C8062A7A3A750057DDD2 /* LaunchScreen.storyboard in Resources */ = {isa = PBXBuildFile; fileRef = 48C4C8042A7A3A750057DDD2 /* LaunchScreen.storyboard */; };
		48C4C8152A7A3C4E0057DDD2 /* IBaseResponse.swift in Sources */ = {isa = PBXBuildFile; fileRef = 48C4C80E2A7A3C4E0057DDD2 /* IBaseResponse.swift */; };
		48C4C8162A7A3C4E0057DDD2 /* NetWork.swift in Sources */ = {isa = PBXBuildFile; fileRef = 48C4C80F2A7A3C4E0057DDD2 /* NetWork.swift */; };
		48C4C8172A7A3C4E0057DDD2 /* INetConfiguration.swift in Sources */ = {isa = PBXBuildFile; fileRef = 48C4C8102A7A3C4E0057DDD2 /* INetConfiguration.swift */; };
		48C4C8182A7A3C4E0057DDD2 /* NetConfiguration.swift in Sources */ = {isa = PBXBuildFile; fileRef = 48C4C8122A7A3C4E0057DDD2 /* NetConfiguration.swift */; };
		48C4C8192A7A3C4E0057DDD2 /* NetResponse.swift in Sources */ = {isa = PBXBuildFile; fileRef = 48C4C8132A7A3C4E0057DDD2 /* NetResponse.swift */; };
		48C4C81A2A7A3C4E0057DDD2 /* NetWork+HandyJson.swift in Sources */ = {isa = PBXBuildFile; fileRef = 48C4C8142A7A3C4E0057DDD2 /* NetWork+HandyJson.swift */; };
		66ED6EE5ECB60987C8D75E96 /* Pods_CYANetWork.framework in Frameworks */ = {isa = PBXBuildFile; fileRef = 9D2C7CF7DC4D3AEC72A58F39 /* Pods_CYANetWork.framework */; };
/* End PBXBuildFile section */

/* Begin PBXFileReference section */
		17AAB176A108A87CE71B7D16 /* Pods-CYANetWork.debug.xcconfig */ = {isa = PBXFileReference; includeInIndex = 1; lastKnownFileType = text.xcconfig; name = "Pods-CYANetWork.debug.xcconfig"; path = "Target Support Files/Pods-CYANetWork/Pods-CYANetWork.debug.xcconfig"; sourceTree = "<group>"; };
		48C4C7F62A7A3A740057DDD2 /* CYANetWork.app */ = {isa = PBXFileReference; explicitFileType = wrapper.application; includeInIndex = 0; path = CYANetWork.app; sourceTree = BUILT_PRODUCTS_DIR; };
		48C4C7F92A7A3A740057DDD2 /* AppDelegate.swift */ = {isa = PBXFileReference; lastKnownFileType = sourcecode.swift; path = AppDelegate.swift; sourceTree = "<group>"; };
		48C4C7FB2A7A3A740057DDD2 /* SceneDelegate.swift */ = {isa = PBXFileReference; lastKnownFileType = sourcecode.swift; path = SceneDelegate.swift; sourceTree = "<group>"; };
		48C4C7FD2A7A3A740057DDD2 /* ViewController.swift */ = {isa = PBXFileReference; lastKnownFileType = sourcecode.swift; path = ViewController.swift; sourceTree = "<group>"; };
		48C4C8002A7A3A740057DDD2 /* Base */ = {isa = PBXFileReference; lastKnownFileType = file.storyboard; name = Base; path = Base.lproj/Main.storyboard; sourceTree = "<group>"; };
		48C4C8022A7A3A750057DDD2 /* Assets.xcassets */ = {isa = PBXFileReference; lastKnownFileType = folder.assetcatalog; path = Assets.xcassets; sourceTree = "<group>"; };
		48C4C8052A7A3A750057DDD2 /* Base */ = {isa = PBXFileReference; lastKnownFileType = file.storyboard; name = Base; path = Base.lproj/LaunchScreen.storyboard; sourceTree = "<group>"; };
		48C4C8072A7A3A750057DDD2 /* Info.plist */ = {isa = PBXFileReference; lastKnownFileType = text.plist.xml; path = Info.plist; sourceTree = "<group>"; };
		48C4C80E2A7A3C4E0057DDD2 /* IBaseResponse.swift */ = {isa = PBXFileReference; fileEncoding = 4; lastKnownFileType = sourcecode.swift; path = IBaseResponse.swift; sourceTree = "<group>"; };
		48C4C80F2A7A3C4E0057DDD2 /* NetWork.swift */ = {isa = PBXFileReference; fileEncoding = 4; lastKnownFileType = sourcecode.swift; path = NetWork.swift; sourceTree = "<group>"; };
		48C4C8102A7A3C4E0057DDD2 /* INetConfiguration.swift */ = {isa = PBXFileReference; fileEncoding = 4; lastKnownFileType = sourcecode.swift; path = INetConfiguration.swift; sourceTree = "<group>"; };
		48C4C8122A7A3C4E0057DDD2 /* NetConfiguration.swift */ = {isa = PBXFileReference; fileEncoding = 4; lastKnownFileType = sourcecode.swift; path = NetConfiguration.swift; sourceTree = "<group>"; };
		48C4C8132A7A3C4E0057DDD2 /* NetResponse.swift */ = {isa = PBXFileReference; fileEncoding = 4; lastKnownFileType = sourcecode.swift; path = NetResponse.swift; sourceTree = "<group>"; };
		48C4C8142A7A3C4E0057DDD2 /* NetWork+HandyJson.swift */ = {isa = PBXFileReference; fileEncoding = 4; lastKnownFileType = sourcecode.swift; path = "NetWork+HandyJson.swift"; sourceTree = "<group>"; };
		678A54755999B559B466BB57 /* Pods-CYANetWork.release.xcconfig */ = {isa = PBXFileReference; includeInIndex = 1; lastKnownFileType = text.xcconfig; name = "Pods-CYANetWork.release.xcconfig"; path = "Target Support Files/Pods-CYANetWork/Pods-CYANetWork.release.xcconfig"; sourceTree = "<group>"; };
		9D2C7CF7DC4D3AEC72A58F39 /* Pods_CYANetWork.framework */ = {isa = PBXFileReference; explicitFileType = wrapper.framework; includeInIndex = 0; path = Pods_CYANetWork.framework; sourceTree = BUILT_PRODUCTS_DIR; };
/* End PBXFileReference section */

/* Begin PBXFrameworksBuildPhase section */
		48C4C7F32A7A3A740057DDD2 /* Frameworks */ = {
			isa = PBXFrameworksBuildPhase;
			buildActionMask = 2147483647;
			files = (
				66ED6EE5ECB60987C8D75E96 /* Pods_CYANetWork.framework in Frameworks */,
			);
			runOnlyForDeploymentPostprocessing = 0;
		};
/* End PBXFrameworksBuildPhase section */

/* Begin PBXGroup section */
		48C4C7ED2A7A3A740057DDD2 = {
			isa = PBXGroup;
			children = (
				48C4C7F82A7A3A740057DDD2 /* CYANetWork */,
				48C4C7F72A7A3A740057DDD2 /* Products */,
				B8E0FA30DCF43AF60BABA01F /* Pods */,
				52F1405371FDFBCE7CBE447E /* Frameworks */,
			);
			sourceTree = "<group>";
		};
		48C4C7F72A7A3A740057DDD2 /* Products */ = {
			isa = PBXGroup;
			children = (
				48C4C7F62A7A3A740057DDD2 /* CYANetWork.app */,
			);
			name = Products;
			sourceTree = "<group>";
		};
		48C4C7F82A7A3A740057DDD2 /* CYANetWork */ = {
			isa = PBXGroup;
			children = (
				48C4C8112A7A3C4E0057DDD2 /* middleware */,
				48C4C80D2A7A3C4E0057DDD2 /* net */,
				48C4C7F92A7A3A740057DDD2 /* AppDelegate.swift */,
				48C4C7FB2A7A3A740057DDD2 /* SceneDelegate.swift */,
				48C4C7FD2A7A3A740057DDD2 /* ViewController.swift */,
				48C4C7FF2A7A3A740057DDD2 /* Main.storyboard */,
				48C4C8022A7A3A750057DDD2 /* Assets.xcassets */,
				48C4C8042A7A3A750057DDD2 /* LaunchScreen.storyboard */,
				48C4C8072A7A3A750057DDD2 /* Info.plist */,
			);
			path = CYANetWork;
			sourceTree = "<group>";
		};
		48C4C80D2A7A3C4E0057DDD2 /* net */ = {
			isa = PBXGroup;
			children = (
				48C4C80E2A7A3C4E0057DDD2 /* IBaseResponse.swift */,
				48C4C80F2A7A3C4E0057DDD2 /* NetWork.swift */,
				48C4C8102A7A3C4E0057DDD2 /* INetConfiguration.swift */,
			);
			path = net;
			sourceTree = "<group>";
		};
		48C4C8112A7A3C4E0057DDD2 /* middleware */ = {
			isa = PBXGroup;
			children = (
				48C4C8122A7A3C4E0057DDD2 /* NetConfiguration.swift */,
				48C4C8132A7A3C4E0057DDD2 /* NetResponse.swift */,
				48C4C8142A7A3C4E0057DDD2 /* NetWork+HandyJson.swift */,
			);
			path = middleware;
			sourceTree = "<group>";
		};
		52F1405371FDFBCE7CBE447E /* Frameworks */ = {
			isa = PBXGroup;
			children = (
				9D2C7CF7DC4D3AEC72A58F39 /* Pods_CYANetWork.framework */,
			);
			name = Frameworks;
			sourceTree = "<group>";
		};
		B8E0FA30DCF43AF60BABA01F /* Pods */ = {
			isa = PBXGroup;
			children = (
				17AAB176A108A87CE71B7D16 /* Pods-CYANetWork.debug.xcconfig */,
				678A54755999B559B466BB57 /* Pods-CYANetWork.release.xcconfig */,
			);
			path = Pods;
			sourceTree = "<group>";
		};
/* End PBXGroup section */

/* Begin PBXNativeTarget section */
		48C4C7F52A7A3A740057DDD2 /* CYANetWork */ = {
			isa = PBXNativeTarget;
			buildConfigurationList = 48C4C80A2A7A3A750057DDD2 /* Build configuration list for PBXNativeTarget "CYANetWork" */;
			buildPhases = (
				704093A0198C574F1466B604 /* [CP] Check Pods Manifest.lock */,
				48C4C7F22A7A3A740057DDD2 /* Sources */,
				48C4C7F32A7A3A740057DDD2 /* Frameworks */,
				48C4C7F42A7A3A740057DDD2 /* Resources */,
				181DEEA29EB192EFFE93D182 /* [CP] Embed Pods Frameworks */,
			);
			buildRules = (
			);
			dependencies = (
			);
			name = CYANetWork;
			productName = CYANetWork;
			productReference = 48C4C7F62A7A3A740057DDD2 /* CYANetWork.app */;
			productType = "com.apple.product-type.application";
		};
/* End PBXNativeTarget section */

/* Begin PBXProject section */
		48C4C7EE2A7A3A740057DDD2 /* Project object */ = {
			isa = PBXProject;
			attributes = {
				BuildIndependentTargetsInParallel = 1;
				LastSwiftUpdateCheck = 1430;
				LastUpgradeCheck = 1430;
				TargetAttributes = {
					48C4C7F52A7A3A740057DDD2 = {
						CreatedOnToolsVersion = 14.3;
					};
				};
			};
			buildConfigurationList = 48C4C7F12A7A3A740057DDD2 /* Build configuration list for PBXProject "CYANetWork" */;
			compatibilityVersion = "Xcode 14.0";
			developmentRegion = en;
			hasScannedForEncodings = 0;
			knownRegions = (
				en,
				Base,
			);
			mainGroup = 48C4C7ED2A7A3A740057DDD2;
			productRefGroup = 48C4C7F72A7A3A740057DDD2 /* Products */;
			projectDirPath = "";
			projectRoot = "";
			targets = (
				48C4C7F52A7A3A740057DDD2 /* CYANetWork */,
			);
		};
/* End PBXProject section */

/* Begin PBXResourcesBuildPhase section */
		48C4C7F42A7A3A740057DDD2 /* Resources */ = {
			isa = PBXResourcesBuildPhase;
			buildActionMask = 2147483647;
			files = (
				48C4C8062A7A3A750057DDD2 /* LaunchScreen.storyboard in Resources */,
				48C4C8032A7A3A750057DDD2 /* Assets.xcassets in Resources */,
				48C4C8012A7A3A740057DDD2 /* Main.storyboard in Resources */,
			);
			runOnlyForDeploymentPostprocessing = 0;
		};
/* End PBXResourcesBuildPhase section */

/* Begin PBXShellScriptBuildPhase section */
		181DEEA29EB192EFFE93D182 /* [CP] Embed Pods Frameworks */ = {
			isa = PBXShellScriptBuildPhase;
			buildActionMask = 2147483647;
			files = (
			);
			inputFileListPaths = (
				"${PODS_ROOT}/Target Support Files/Pods-CYANetWork/Pods-CYANetWork-frameworks-${CONFIGURATION}-input-files.xcfilelist",
			);
			name = "[CP] Embed Pods Frameworks";
			outputFileListPaths = (
				"${PODS_ROOT}/Target Support Files/Pods-CYANetWork/Pods-CYANetWork-frameworks-${CONFIGURATION}-output-files.xcfilelist",
			);
			runOnlyForDeploymentPostprocessing = 0;
			shellPath = /bin/sh;
			shellScript = "\"${PODS_ROOT}/Target Support Files/Pods-CYANetWork/Pods-CYANetWork-frameworks.sh\"\n";
			showEnvVarsInLog = 0;
		};
		704093A0198C574F1466B604 /* [CP] Check Pods Manifest.lock */ = {
			isa = PBXShellScriptBuildPhase;
			buildActionMask = 2147483647;
			files = (
			);
			inputFileListPaths = (
			);
			inputPaths = (
				"${PODS_PODFILE_DIR_PATH}/Podfile.lock",
				"${PODS_ROOT}/Manifest.lock",
			);
			name = "[CP] Check Pods Manifest.lock";
			outputFileListPaths = (
			);
			outputPaths = (
				"$(DERIVED_FILE_DIR)/Pods-CYANetWork-checkManifestLockResult.txt",
			);
			runOnlyForDeploymentPostprocessing = 0;
			shellPath = /bin/sh;
			shellScript = "diff \"${PODS_PODFILE_DIR_PATH}/Podfile.lock\" \"${PODS_ROOT}/Manifest.lock\" > /dev/null\nif [ $? != 0 ] ; then\n    # print error to STDERR\n    echo \"error: The sandbox is not in sync with the Podfile.lock. Run 'pod install' or update your CocoaPods installation.\" >&2\n    exit 1\nfi\n# This output is used by Xcode 'outputs' to avoid re-running this script phase.\necho \"SUCCESS\" > \"${SCRIPT_OUTPUT_FILE_0}\"\n";
			showEnvVarsInLog = 0;
		};
/* End PBXShellScriptBuildPhase section */

/* Begin PBXSourcesBuildPhase section */
		48C4C7F22A7A3A740057DDD2 /* Sources */ = {
			isa = PBXSourcesBuildPhase;
			buildActionMask = 2147483647;
			files = (
				48C4C7FE2A7A3A740057DDD2 /* ViewController.swift in Sources */,
				48C4C8182A7A3C4E0057DDD2 /* NetConfiguration.swift in Sources */,
				48C4C8192A7A3C4E0057DDD2 /* NetResponse.swift in Sources */,
				48C4C8152A7A3C4E0057DDD2 /* IBaseResponse.swift in Sources */,
				48C4C8172A7A3C4E0057DDD2 /* INetConfiguration.swift in Sources */,
				48C4C7FA2A7A3A740057DDD2 /* AppDelegate.swift in Sources */,
				48C4C7FC2A7A3A740057DDD2 /* SceneDelegate.swift in Sources */,
				48C4C8162A7A3C4E0057DDD2 /* NetWork.swift in Sources */,
				48C4C81A2A7A3C4E0057DDD2 /* NetWork+HandyJson.swift in Sources */,
			);
			runOnlyForDeploymentPostprocessing = 0;
		};
/* End PBXSourcesBuildPhase section */

/* Begin PBXVariantGroup section */
		48C4C7FF2A7A3A740057DDD2 /* Main.storyboard */ = {
			isa = PBXVariantGroup;
			children = (
				48C4C8002A7A3A740057DDD2 /* Base */,
			);
			name = Main.storyboard;
			sourceTree = "<group>";
		};
		48C4C8042A7A3A750057DDD2 /* LaunchScreen.storyboard */ = {
			isa = PBXVariantGroup;
			children = (
				48C4C8052A7A3A750057DDD2 /* Base */,
			);
			name = LaunchScreen.storyboard;
			sourceTree = "<group>";
		};
/* End PBXVariantGroup section */

/* Begin XCBuildConfiguration section */
		48C4C8082A7A3A750057DDD2 /* Debug */ = {
			isa = XCBuildConfiguration;
			buildSettings = {
				ALWAYS_SEARCH_USER_PATHS = NO;
				CLANG_ANALYZER_NONNULL = YES;
				CLANG_ANALYZER_NUMBER_OBJECT_CONVERSION = YES_AGGRESSIVE;
				CLANG_CXX_LANGUAGE_STANDARD = "gnu++20";
				CLANG_ENABLE_MODULES = YES;
				CLANG_ENABLE_OBJC_ARC = YES;
				CLANG_ENABLE_OBJC_WEAK = YES;
				CLANG_WARN_BLOCK_CAPTURE_AUTORELEASING = YES;
				CLANG_WARN_BOOL_CONVERSION = YES;
				CLANG_WARN_COMMA = YES;
				CLANG_WARN_CONSTANT_CONVERSION = YES;
				CLANG_WARN_DEPRECATED_OBJC_IMPLEMENTATIONS = YES;
				CLANG_WARN_DIRECT_OBJC_ISA_USAGE = YES_ERROR;
				CLANG_WARN_DOCUMENTATION_COMMENTS = YES;
				CLANG_WARN_EMPTY_BODY = YES;
				CLANG_WARN_ENUM_CONVERSION = YES;
				CLANG_WARN_INFINITE_RECURSION = YES;
				CLANG_WARN_INT_CONVERSION = YES;
				CLANG_WARN_NON_LITERAL_NULL_CONVERSION = YES;
				CLANG_WARN_OBJC_IMPLICIT_RETAIN_SELF = YES;
				CLANG_WARN_OBJC_LITERAL_CONVERSION = YES;
				CLANG_WARN_OBJC_ROOT_CLASS = YES_ERROR;
				CLANG_WARN_QUOTED_INCLUDE_IN_FRAMEWORK_HEADER = YES;
				CLANG_WARN_RANGE_LOOP_ANALYSIS = YES;
				CLANG_WARN_STRICT_PROTOTYPES = YES;
				CLANG_WARN_SUSPICIOUS_MOVE = YES;
				CLANG_WARN_UNGUARDED_AVAILABILITY = YES_AGGRESSIVE;
				CLANG_WARN_UNREACHABLE_CODE = YES;
				CLANG_WARN__DUPLICATE_METHOD_MATCH = YES;
				COPY_PHASE_STRIP = NO;
				DEBUG_INFORMATION_FORMAT = dwarf;
				ENABLE_STRICT_OBJC_MSGSEND = YES;
				ENABLE_TESTABILITY = YES;
				GCC_C_LANGUAGE_STANDARD = gnu11;
				GCC_DYNAMIC_NO_PIC = NO;
				GCC_NO_COMMON_BLOCKS = YES;
				GCC_OPTIMIZATION_LEVEL = 0;
				GCC_PREPROCESSOR_DEFINITIONS = (
					"DEBUG=1",
					"$(inherited)",
				);
				GCC_WARN_64_TO_32_BIT_CONVERSION = YES;
				GCC_WARN_ABOUT_RETURN_TYPE = YES_ERROR;
				GCC_WARN_UNDECLARED_SELECTOR = YES;
				GCC_WARN_UNINITIALIZED_AUTOS = YES_AGGRESSIVE;
				GCC_WARN_UNUSED_FUNCTION = YES;
				GCC_WARN_UNUSED_VARIABLE = YES;
				IPHONEOS_DEPLOYMENT_TARGET = 16.4;
				MTL_ENABLE_DEBUG_INFO = INCLUDE_SOURCE;
				MTL_FAST_MATH = YES;
				ONLY_ACTIVE_ARCH = YES;
				SDKROOT = iphoneos;
				SWIFT_ACTIVE_COMPILATION_CONDITIONS = DEBUG;
				SWIFT_OPTIMIZATION_LEVEL = "-Onone";
			};
			name = Debug;
		};
		48C4C8092A7A3A750057DDD2 /* Release */ = {
			isa = XCBuildConfiguration;
			buildSettings = {
				ALWAYS_SEARCH_USER_PATHS = NO;
				CLANG_ANALYZER_NONNULL = YES;
				CLANG_ANALYZER_NUMBER_OBJECT_CONVERSION = YES_AGGRESSIVE;
				CLANG_CXX_LANGUAGE_STANDARD = "gnu++20";
				CLANG_ENABLE_MODULES = YES;
				CLANG_ENABLE_OBJC_ARC = YES;
				CLANG_ENABLE_OBJC_WEAK = YES;
				CLANG_WARN_BLOCK_CAPTURE_AUTORELEASING = YES;
				CLANG_WARN_BOOL_CONVERSION = YES;
				CLANG_WARN_COMMA = YES;
				CLANG_WARN_CONSTANT_CONVERSION = YES;
				CLANG_WARN_DEPRECATED_OBJC_IMPLEMENTATIONS = YES;
				CLANG_WARN_DIRECT_OBJC_ISA_USAGE = YES_ERROR;
				CLANG_WARN_DOCUMENTATION_COMMENTS = YES;
				CLANG_WARN_EMPTY_BODY = YES;
				CLANG_WARN_ENUM_CONVERSION = YES;
				CLANG_WARN_INFINITE_RECURSION = YES;
				CLANG_WARN_INT_CONVERSION = YES;
				CLANG_WARN_NON_LITERAL_NULL_CONVERSION = YES;
				CLANG_WARN_OBJC_IMPLICIT_RETAIN_SELF = YES;
				CLANG_WARN_OBJC_LITERAL_CONVERSION = YES;
				CLANG_WARN_OBJC_ROOT_CLASS = YES_ERROR;
				CLANG_WARN_QUOTED_INCLUDE_IN_FRAMEWORK_HEADER = YES;
				CLANG_WARN_RANGE_LOOP_ANALYSIS = YES;
				CLANG_WARN_STRICT_PROTOTYPES = YES;
				CLANG_WARN_SUSPICIOUS_MOVE = YES;
				CLANG_WARN_UNGUARDED_AVAILABILITY = YES_AGGRESSIVE;
				CLANG_WARN_UNREACHABLE_CODE = YES;
				CLANG_WARN__DUPLICATE_METHOD_MATCH = YES;
				COPY_PHASE_STRIP = NO;
				DEBUG_INFORMATION_FORMAT = "dwarf-with-dsym";
				ENABLE_NS_ASSERTIONS = NO;
				ENABLE_STRICT_OBJC_MSGSEND = YES;
				GCC_C_LANGUAGE_STANDARD = gnu11;
				GCC_NO_COMMON_BLOCKS = YES;
				GCC_WARN_64_TO_32_BIT_CONVERSION = YES;
				GCC_WARN_ABOUT_RETURN_TYPE = YES_ERROR;
				GCC_WARN_UNDECLARED_SELECTOR = YES;
				GCC_WARN_UNINITIALIZED_AUTOS = YES_AGGRESSIVE;
				GCC_WARN_UNUSED_FUNCTION = YES;
				GCC_WARN_UNUSED_VARIABLE = YES;
				IPHONEOS_DEPLOYMENT_TARGET = 16.4;
				MTL_ENABLE_DEBUG_INFO = NO;
				MTL_FAST_MATH = YES;
				SDKROOT = iphoneos;
				SWIFT_COMPILATION_MODE = wholemodule;
				SWIFT_OPTIMIZATION_LEVEL = "-O";
				VALIDATE_PRODUCT = YES;
			};
			name = Release;
		};
		48C4C80B2A7A3A750057DDD2 /* Debug */ = {
			isa = XCBuildConfiguration;
			baseConfigurationReference = 17AAB176A108A87CE71B7D16 /* Pods-CYANetWork.debug.xcconfig */;
			buildSettings = {
				ASSETCATALOG_COMPILER_APPICON_NAME = AppIcon;
				ASSETCATALOG_COMPILER_GLOBAL_ACCENT_COLOR_NAME = AccentColor;
				CODE_SIGN_STYLE = Automatic;
				CURRENT_PROJECT_VERSION = 1;
				GENERATE_INFOPLIST_FILE = YES;
				INFOPLIST_FILE = CYANetWork/Info.plist;
				INFOPLIST_KEY_UIApplicationSupportsIndirectInputEvents = YES;
				INFOPLIST_KEY_UILaunchStoryboardName = LaunchScreen;
				INFOPLIST_KEY_UIMainStoryboardFile = Main;
				INFOPLIST_KEY_UISupportedInterfaceOrientations_iPad = "UIInterfaceOrientationPortrait UIInterfaceOrientationPortraitUpsideDown UIInterfaceOrientationLandscapeLeft UIInterfaceOrientationLandscapeRight";
				INFOPLIST_KEY_UISupportedInterfaceOrientations_iPhone = "UIInterfaceOrientationPortrait UIInterfaceOrientationLandscapeLeft UIInterfaceOrientationLandscapeRight";
				LD_RUNPATH_SEARCH_PATHS = (
					"$(inherited)",
					"@executable_path/Frameworks",
				);
				MARKETING_VERSION = 1.0;
				PRODUCT_BUNDLE_IDENTIFIER = com.wudan.CYANetWork;
				PRODUCT_NAME = "$(TARGET_NAME)";
				SWIFT_EMIT_LOC_STRINGS = YES;
				SWIFT_VERSION = 5.0;
				TARGETED_DEVICE_FAMILY = "1,2";
			};
			name = Debug;
		};
		48C4C80C2A7A3A750057DDD2 /* Release */ = {
			isa = XCBuildConfiguration;
			baseConfigurationReference = 678A54755999B559B466BB57 /* Pods-CYANetWork.release.xcconfig */;
			buildSettings = {
				ASSETCATALOG_COMPILER_APPICON_NAME = AppIcon;
				ASSETCATALOG_COMPILER_GLOBAL_ACCENT_COLOR_NAME = AccentColor;
				CODE_SIGN_STYLE = Automatic;
				CURRENT_PROJECT_VERSION = 1;
				GENERATE_INFOPLIST_FILE = YES;
				INFOPLIST_FILE = CYANetWork/Info.plist;
				INFOPLIST_KEY_UIApplicationSupportsIndirectInputEvents = YES;
				INFOPLIST_KEY_UILaunchStoryboardName = LaunchScreen;
				INFOPLIST_KEY_UIMainStoryboardFile = Main;
				INFOPLIST_KEY_UISupportedInterfaceOrientations_iPad = "UIInterfaceOrientationPortrait UIInterfaceOrientationPortraitUpsideDown UIInterfaceOrientationLandscapeLeft UIInterfaceOrientationLandscapeRight";
				INFOPLIST_KEY_UISupportedInterfaceOrientations_iPhone = "UIInterfaceOrientationPortrait UIInterfaceOrientationLandscapeLeft UIInterfaceOrientationLandscapeRight";
				LD_RUNPATH_SEARCH_PATHS = (
					"$(inherited)",
					"@executable_path/Frameworks",
				);
				MARKETING_VERSION = 1.0;
				PRODUCT_BUNDLE_IDENTIFIER = com.wudan.CYANetWork;
				PRODUCT_NAME = "$(TARGET_NAME)";
				SWIFT_EMIT_LOC_STRINGS = YES;
				SWIFT_VERSION = 5.0;
				TARGETED_DEVICE_FAMILY = "1,2";
			};
			name = Release;
		};
/* End XCBuildConfiguration section */

/* Begin XCConfigurationList section */
		48C4C7F12A7A3A740057DDD2 /* Build configuration list for PBXProject "CYANetWork" */ = {
			isa = XCConfigurationList;
			buildConfigurations = (
				48C4C8082A7A3A750057DDD2 /* Debug */,
				48C4C8092A7A3A750057DDD2 /* Release */,
			);
			defaultConfigurationIsVisible = 0;
			defaultConfigurationName = Release;
		};
		48C4C80A2A7A3A750057DDD2 /* Build configuration list for PBXNativeTarget "CYANetWork" */ = {
			isa = XCConfigurationList;
			buildConfigurations = (
				48C4C80B2A7A3A750057DDD2 /* Debug */,
				48C4C80C2A7A3A750057DDD2 /* Release */,
			);
			defaultConfigurationIsVisible = 0;
			defaultConfigurationName = Release;
		};
/* End XCConfigurationList section */
	};
	rootObject = 48C4C7EE2A7A3A740057DDD2 /* Project object */;
}
